# Generated by buf. DO NOT EDIT.
version: v1
deps:
  - remote: buf.build
    owner: agynio
    repository: api
    commit: 6e170d31244342e1b94ea333fd898c93
    digest: shake256:8003674442ebdd9c447df6ca1b1a54ff678026264d29d9368413aeda2493740695f5bf4ee71a638afd54b226bfeece4585bb1a6e249374735b43d87a4c32cf5f
  - remote: buf.build
    owner: opentelemetry
    repository: opentelemetry
    commit: 5f2c7d4f740541589805e0816dad4bb0
    digest: shake256:1a1c76b9fb39277f441fa81273e5132e2856558fd52b04e3ea69051f6ecdb5293e35c8915ec7e20507bba9d4bb6b0ba9a1408062fa63dd7f09db015ad06736ab
