# Generated by buf. DO NOT EDIT.
version: v1
deps:
  - remote: buf.build
    owner: agynio
    repository: api
    commit: 59e938f9b92c433e9cf5480b3dd62a3a
    digest: shake256:95f72447b92fba73722d9a2e060bc32e0f0e639f81282249a32b9d07a7511e81f1247eda7d5f64a9a015481bfddc8e247784b0c96dc69c8f1c646795b6eba09d
  - remote: buf.build
    owner: opentelemetry
    repository: opentelemetry
    commit: 5f2c7d4f740541589805e0816dad4bb0
    digest: shake256:1a1c76b9fb39277f441fa81273e5132e2856558fd52b04e3ea69051f6ecdb5293e35c8915ec7e20507bba9d4bb6b0ba9a1408062fa63dd7f09db015ad06736ab
